c06047bb9cc6e75505b780fada63c407347609244fc337f3a32b03ce96d0c7bc  ../VSP_MEMORY_COMMON/rtl/pkg/vsp_mem_common_pkg.sv
42f9097a69650c6fb4a7c6205fc4aa5eaa92c0cfffe5df9b2b8b4005a88e8a39  ../VSP_ADDRESS_REGION_ROUTER/rtl/pkg/vsp_address_region_router_pkg.sv
982868132f2c1e892b8508ecf1e3506d52ca58f6b7957ef9172a5fe936c508e8  ../VSP_TLB/rtl/pkg/vsp_tlb_pkg.sv
b421963b71ee3d48bddc0fc617e3f1812a81ee3df9c92029553950eb60d46e8e  ../VSP_PTW/rtl/pkg/vsp_ptw_pkg.sv
fd87f4431f8d162f64aef8fd17074564f21afaa718eec0f012adc9b293d4755f  ../VSP_MMU/rtl/pkg/vsp_mmu_pkg.sv
1b5da2b10b92ec4534405a3ff84abf850f4ed77e7716c9a0df74d30354515473  ../VSP_LSU_BACKEND/rtl/pkg/vsp_lsu_backend_pkg.sv
2cd6a82efb8854c713abb33fb6fe1189da4a8a2aeda1ed034dee9dfc9213a2b5  ../VSP_ADDRESS_REGION_ROUTER/rtl/core/vsp_address_space_router.sv
c166bcc4315469061fce593d0d203b238f044c8969c7babb2f9500ed6da92a12  ../VSP_ADDRESS_REGION_ROUTER/rtl/core/vsp_address_region_router.sv
1ee6cf3fad390c96c812a99eb75e2969c1680f04254931df1cf9ab4de92e97ca  ../VSP_TLB/rtl/core/vsp_tlb.sv
4445602b4a26bf6c776a62980f58107c477989cdd4f18fec23c750b823d704c4  ../VSP_PTW/rtl/core/vsp_ptw.sv
f3e270aa4312b1760dff2c7f76b21267c9759c996a17c599fcc9c706645f32cf  ../VSP_MMU/rtl/core/vsp_mmu_frontend.sv
7c52c23d40cc6fd5b44a140d48aa18c0b4a8442fcddecaa8d2770161a640b640  ../VSP_MMU/rtl/core/vsp_mmu.sv
9b2739417362e21204fd0609a2afc8eb828aafa8e347f95e81c38e651d5b1855  ../VSP_LSU_BACKEND/rtl/core/vsp_lsu_backend.sv
